// !$*UTF8*$!
{
	archiveVersion = 1;
	classes = {
	};
	objectVersion = 46;
	objects = {

/* Begin PBXBuildFile section */
		DDD5947C1C74523B00E7F92D /* AppDelegate.swift in Sources */ = {isa = PBXBuildFile; fileRef = DDD5947B1C74523B00E7F92D /* AppDelegate.swift */; };
		DDD5947E1C74523B00E7F92D /* ViewController.swift in Sources */ = {isa = PBXBuildFile; fileRef = DDD5947D1C74523B00E7F92D /* ViewController.swift */; };
		DDD594811C74523B00E7F92D /* Main.storyboard in Resources */ = {isa = PBXBuildFile; fileRef = DDD5947F1C74523B00E7F92D /* Main.storyboard */; };
		DDD594831C74523B00E7F92D /* Assets.xcassets in Resources */ = {isa = PBXBuildFile; fileRef = DDD594821C74523B00E7F92D /* Assets.xcassets */; };
		DDD594861C74523B00E7F92D /* LaunchScreen.storyboard in Resources */ = {isa = PBXBuildFile; fileRef = DDD594841C74523B00E7F92D /* LaunchScreen.storyboard */; };
/* End PBXBuildFile section */

/* Begin PBXFileReference section */
		DDD594781C74523B00E7F92D /* CocoaGerman.app */ = {isa = PBXFileReference; explicitFileType = wrapper.application; includeInIndex = 0; path = CocoaGerman.app; sourceTree = BUILT_PRODUCTS_DIR; };
		DDD5947B1C74523B00E7F92D /* AppDelegate.swift */ = {isa = PBXFileReference; lastKnownFileType = sourcecode.swift; path = AppDelegate.swift; sourceTree = "<group>"; };
		DDD5947D1C74523B00E7F92D /* ViewController.swift */ = {isa = PBXFileReference; lastKnownFileType = sourcecode.swift; path = ViewController.swift; sourceTree = "<group>"; };
		DDD594801C74523B00E7F92D /* Base */ = {isa = PBXFileReference; lastKnownFileType = file.storyboard; name = Base; path = Base.lproj/Main.storyboard; sourceTree = "<group>"; };
		DDD594821C74523B00E7F92D /* Assets.xcassets */ = {isa = PBXFileReference; lastKnownFileType = folder.assetcatalog; path = Assets.xcassets; sourceTree = "<group>"; };
		DDD594851C74523B00E7F92D /* Base */ = {isa = PBXFileReference; lastKnownFileType = file.storyboard; name = Base; path = Base.lproj/LaunchScreen.storyboard; sourceTree = "<group>"; };
		DDD594871C74523B00E7F92D /* Info.plist */ = {isa = PBXFileReference; lastKnownFileType = text.plist.xml; path = Info.plist; sourceTree = "<group>"; };
/* End PBXFileReference section */

/* Begin PBXFrameworksBuildPhase section */
		DDD594751C74523B00E7F92D /* Frameworks */ = {
			isa = PBXFrameworksBuildPhase;
			buildActionMask = 2147483647;
			files = (
			);
			runOnlyForDeploymentPostprocessing = 0;
		};
/* End PBXFrameworksBuildPhase section */

/* Begin PBXGroup section */
		DDD5946F1C74523B00E7F92D = {
			isa = PBXGroup;
			children = (
				DDD5947A1C74523B00E7F92D /* CocoaGerman */,
				DDD594791C74523B00E7F92D /* Products */,
			);
			sourceTree = "<group>";
		};
		DDD594791C74523B00E7F92D /* Products */ = {
			isa = PBXGroup;
			children = (
				DDD594781C74523B00E7F92D /* CocoaGerman.app */,
			);
			name = Products;
			sourceTree = "<group>";
		};
		DDD5947A1C74523B00E7F92D /* CocoaGerman */ = {
			isa = PBXGroup;
			children = (
				DDD5947B1C74523B00E7F92D /* AppDelegate.swift */,
				DDD5947D1C74523B00E7F92D /* ViewController.swift */,
				DDD5947F1C74523B00E7F92D /* Main.storyboard */,
				DDD594821C74523B00E7F92D /* Assets.xcassets */,
				DDD594841C74523B00E7F92D /* LaunchScreen.storyboard */,
				DDD594871C74523B00E7F92D /* Info.plist */,
			);
			path = CocoaGerman;
			sourceTree = "<group>";
		};
/* End PBXGroup section */

/* Begin PBXNativeTarget section */
		DDD594771C74523B00E7F92D /* CocoaGerman */ = {
			isa = PBXNativeTarget;
			buildConfigurationList = DDD5948A1C74523B00E7F92D /* Build configuration list for PBXNativeTarget "CocoaGerman" */;
			buildPhases = (
				DDD594741C74523B00E7F92D /* Sources */,
				DDD594751C74523B00E7F92D /* Frameworks */,
				DDD594761C74523B00E7F92D /* Resources */,
			);
			buildRules = (
			);
			dependencies = (
			);
			name = CocoaGerman;
			productName = CocoaGerman;
			productReference = DDD594781C74523B00E7F92D /* CocoaGerman.app */;
			productType = "com.apple.product-type.application";
		};
/* End PBXNativeTarget section */

/* Begin PBXProject section */
		DDD594701C74523B00E7F92D /* Project object */ = {
			isa = PBXProject;
			attributes = {
				LastSwiftUpdateCheck = 0720;
				LastUpgradeCheck = 0720;
				ORGANIZATIONNAME = "Enio Ohmaye";
				TargetAttributes = {
					DDD594771C74523B00E7F92D = {
						CreatedOnToolsVersion = 7.2.1;
					};
				};
			};
			buildConfigurationList = DDD594731C74523B00E7F92D /* Build configuration list for PBXProject "CocoaGerman" */;
			compatibilityVersion = "Xcode 3.2";
			developmentRegion = English;
			hasScannedForEncodings = 0;
			knownRegions = (
				en,
				Base,
			);
			mainGroup = DDD5946F1C74523B00E7F92D;
			productRefGroup = DDD594791C74523B00E7F92D /* Products */;
			projectDirPath = "";
			projectRoot = "";
			targets = (
				DDD594771C74523B00E7F92D /* CocoaGerman */,
			);
		};
/* End PBXProject section */

/* Begin PBXResourcesBuildPhase section */
		DDD594761C74523B00E7F92D /* Resources */ = {
			isa = PBXResourcesBuildPhase;
			buildActionMask = 2147483647;
			files = (
				DDD594861C74523B00E7F92D /* LaunchScreen.storyboard in Resources */,
				DDD594831C74523B00E7F92D /* Assets.xcassets in Resources */,
				DDD594811C74523B00E7F92D /* Main.storyboard in Resources */,
			);
			runOnlyForDeploymentPostprocessing = 0;
		};
/* End PBXResourcesBuildPhase section */

/* Begin PBXSourcesBuildPhase section */
		DDD594741C74523B00E7F92D /* Sources */ = {
			isa = PBXSourcesBuildPhase;
			buildActionMask = 2147483647;
			files = (
				DDD5947E1C74523B00E7F92D /* ViewController.swift in Sources */,
				DDD5947C1C74523B00E7F92D /* AppDelegate.swift in Sources */,
			);
			runOnlyForDeploymentPostprocessing = 0;
		};
/* End PBXSourcesBuildPhase section */

/* Begin PBXVariantGroup section */
		DDD5947F1C74523B00E7F92D /* Main.storyboard */ = {
			isa = PBXVariantGroup;
			children = (
				DDD594801C74523B00E7F92D /* Base */,
			);
			name = Main.storyboard;
			sourceTree = "<group>";
		};
		DDD594841C74523B00E7F92D /* LaunchScreen.storyboard */ = {
			isa = PBXVariantGroup;
			children = (
				DDD594851C74523B00E7F92D /* Base */,
			);
			name = LaunchScreen.storyboard;
			sourceTree = "<group>";
		};
/* End PBXVariantGroup section */

/* Begin XCBuildConfiguration section */
		DDD594881C74523B00E7F92D /* Debug */ = {
			isa = XCBuildConfiguration;
			buildSettings = {
				ALWAYS_SEARCH_USER_PATHS = NO;
				CLANG_CXX_LANGUAGE_STANDARD = "gnu++0x";
				CLANG_CXX_LIBRARY = "libc++";
				CLANG_ENABLE_MODULES = YES;
				CLANG_ENABLE_OBJC_ARC = YES;
				CLANG_WARN_BOOL_CONVERSION = YES;
				CLANG_WARN_CONSTANT_CONVERSION = YES;
				CLANG_WARN_DIRECT_OBJC_ISA_USAGE = YES_ERROR;
				CLANG_WARN_EMPTY_BODY = YES;
				CLANG_WARN_ENUM_CONVERSION = YES;
				CLANG_WARN_INT_CONVERSION = YES;
				CLANG_WARN_OBJC_ROOT_CLASS = YES_ERROR;
				CLANG_WARN_UNREACHABLE_CODE = YES;
				CLANG_WARN__DUPLICATE_METHOD_MATCH = YES;
				"CODE_SIGN_IDENTITY[sdk=iphoneos*]" = "iPhone Developer";
				COPY_PHASE_STRIP = NO;
				DEBUG_INFORMATION_FORMAT = dwarf;
				ENABLE_STRICT_OBJC_MSGSEND = YES;
				ENABLE_TESTABILITY = YES;
				GCC_C_LANGUAGE_STANDARD = gnu99;
				GCC_DYNAMIC_NO_PIC = NO;
				GCC_NO_COMMON_BLOCKS = YES;
				GCC_OPTIMIZATION_LEVEL = 0;
				GCC_PREPROCESSOR_DEFINITIONS = (
					"DEBUG=1",
					"$(inherited)",
				);
				GCC_WARN_64_TO_32_BIT_CONVERSION = YES;
				GCC_WARN_ABOUT_RETURN_TYPE = YES_ERROR;
				GCC_WARN_UNDECLARED_SELECTOR = YES;
				GCC_WARN_UNINITIALIZED_AUTOS = YES_AGGRESSIVE;
				GCC_WARN_UNUSED_FUNCTION = YES;
				GCC_WARN_UNUSED_VARIABLE = YES;
				IPHONEOS_DEPLOYMENT_TARGET = 9.2;
				MTL_ENABLE_DEBUG_INFO = YES;
				ONLY_ACTIVE_ARCH = YES;
				SDKROOT = iphoneos;
				SWIFT_OPTIMIZATION_LEVEL = "-Onone";
				TARGETED_DEVICE_FAMILY = "1,2";
			};
			name = Debug;
		};
		DDD594891C74523B00E7F92D /* Release */ = {
			isa = XCBuildConfiguration;
			buildSettings = {
				ALWAYS_SEARCH_USER_PATHS = NO;
				CLANG_CXX_LANGUAGE_STANDARD = "gnu++0x";
				CLANG_CXX_LIBRARY = "libc++";
				CLANG_ENABLE_MODULES = YES;
				CLANG_ENABLE_OBJC_ARC = YES;
				CLANG_WARN_BOOL_CONVERSION = YES;
				CLANG_WARN_CONSTANT_CONVERSION = YES;
				CLANG_WARN_DIRECT_OBJC_ISA_USAGE = YES_ERROR;
				CLANG_WARN_EMPTY_BODY = YES;
				CLANG_WARN_ENUM_CONVERSION = YES;
				CLANG_WARN_INT_CONVERSION = YES;
				CLANG_WARN_OBJC_ROOT_CLASS = YES_ERROR;
				CLANG_WARN_UNREACHABLE_CODE = YES;
				CLANG_WARN__DUPLICATE_METHOD_MATCH = YES;
				"CODE_SIGN_IDENTITY[sdk=iphoneos*]" = "iPhone Developer";
				COPY_PHASE_STRIP = NO;
				DEBUG_INFORMATION_FORMAT = "dwarf-with-dsym";
				ENABLE_NS_ASSERTIONS = NO;
				ENABLE_STRICT_OBJC_MSGSEND = YES;
				GCC_C_LANGUAGE_STANDARD = gnu99;
				GCC_NO_COMMON_BLOCKS = YES;
				GCC_WARN_64_TO_32_BIT_CONVERSION = YES;
				GCC_WARN_ABOUT_RETURN_TYPE = YES_ERROR;
				GCC_WARN_UNDECLARED_SELECTOR = YES;
				GCC_WARN_UNINITIALIZED_AUTOS = YES_AGGRESSIVE;
				GCC_WARN_UNUSED_FUNCTION = YES;
				GCC_WARN_UNUSED_VARIABLE = YES;
				IPHONEOS_DEPLOYMENT_TARGET = 9.2;
				MTL_ENABLE_DEBUG_INFO = NO;
				SDKROOT = iphoneos;
				TARGETED_DEVICE_FAMILY = "1,2";
				VALIDATE_PRODUCT = YES;
			};
			name = Release;
		};
		DDD5948B1C74523B00E7F92D /* Debug */ = {
			isa = XCBuildConfiguration;
			buildSettings = {
				ASSETCATALOG_COMPILER_APPICON_NAME = AppIcon;
				INFOPLIST_FILE = CocoaGerman/Info.plist;
				LD_RUNPATH_SEARCH_PATHS = "$(inherited) @executable_path/Frameworks";
				PRODUCT_BUNDLE_IDENTIFIER = co.CocoaGerman;
				PRODUCT_NAME = "$(TARGET_NAME)";
			};
			name = Debug;
		};
		DDD5948C1C74523B00E7F92D /* Release */ = {
			isa = XCBuildConfiguration;
			buildSettings = {
				ASSETCATALOG_COMPILER_APPICON_NAME = AppIcon;
				INFOPLIST_FILE = CocoaGerman/Info.plist;
				LD_RUNPATH_SEARCH_PATHS = "$(inherited) @executable_path/Frameworks";
				PRODUCT_BUNDLE_IDENTIFIER = co.CocoaGerman;
				PRODUCT_NAME = "$(TARGET_NAME)";
			};
			name = Release;
		};
/* End XCBuildConfiguration section */

/* Begin XCConfigurationList section */
		DDD594731C74523B00E7F92D /* Build configuration list for PBXProject "CocoaGerman" */ = {
			isa = XCConfigurationList;
			buildConfigurations = (
				DDD594881C74523B00E7F92D /* Debug */,
				DDD594891C74523B00E7F92D /* Release */,
			);
			defaultConfigurationIsVisible = 0;
			defaultConfigurationName = Release;
		};
		DDD5948A1C74523B00E7F92D /* Build configuration list for PBXNativeTarget "CocoaGerman" */ = {
			isa = XCConfigurationList;
			buildConfigurations = (
				DDD5948B1C74523B00E7F92D /* Debug */,
				DDD5948C1C74523B00E7F92D /* Release */,
			);
			defaultConfigurationIsVisible = 0;
		};
/* End XCConfigurationList section */
	};
	rootObject = DDD594701C74523B00E7F92D /* Project object */;
}
